{"version":4,"terraform_version":"1.9.1","serial":23,"lineage":"78d24a8e-382e-f416-6424-760baf0ca61c","outputs":{"ami_id":{"value":"ami-034e9c8ff4615051f","type":"string"},"instance_public_ip":{"value":"3.87.62.175","type":"string"}},"resources":[{"mode":"data","type":"aws_ami","name":"ubuntu","provider":"provider[\"registry.opentofu.org/hashicorp/aws\"]","instances":[{"schema_version":0,"attributes":{"architecture":"x86_64","arn":"arn:aws:ec2:us-east-1::image/ami-034e9c8ff4615051f","block_device_mappings":[{"device_name":"/dev/sda1","ebs":{"delete_on_termination":"true","encrypted":"false","iops":"0","snapshot_id":"snap-0b7e6cb5648e95b44","throughput":"0","volume_initialization_rate":"0","volume_size":"20","volume_type":"gp3"},"no_device":"","virtual_name":""},{"device_name":"/dev/sdb","ebs":{},"no_device":"","virtual_name":"ephemeral0"},{"device_name":"/dev/sdc","ebs":{},"no_device":"","virtual_name":"ephemeral1"}],"boot_mode":"uefi-preferred","creation_date":"2025-06-19T13:38:53.000Z","deprecation_time":"2027-06-19T13:38:53.000Z","description":"Canonical, Ubuntu Pro EKS Node OS (1.31), 24.04 LTS, amd64 noble image","ena_support":true,"executable_users":null,"filter":[{"name":"name","values":["*ubuntu-*24.04-amd64-server-*"]},{"name":"state","values":["available"]},{"name":"virtualization-type","values":["hvm"]}],"hypervisor":"xen","id":"ami-034e9c8ff4615051f","image_id":"ami-034e9c8ff4615051f","image_location":"amazon/ubuntu-eks-pro/k8s_1.31/images/hvm-ssd-gp3/ubuntu-noble-24.04-amd64-server-20250619","image_owner_alias":"amazon","image_type":"machine","imds_support":"v2.0","include_deprecated":false,"kernel_id":"","last_launched_time":"","most_recent":true,"name":"ubuntu-eks-pro/k8s_1.31/images/hvm-ssd-gp3/ubuntu-noble-24.04-amd64-server-20250619","name_regex":null,"owner_id":"099720109477","owners":["099720109477"],"platform":"","platform_details":"Ubuntu Pro Linux","product_codes":[],"public":true,"ramdisk_id":"","root_device_name":"/dev/sda1","root_device_type":"ebs","root_snapshot_id":"snap-0b7e6cb5648e95b44","sriov_net_support":"simple","state":"available","state_reason":{"code":"UNSET","message":"UNSET"},"tags":{},"timeouts":null,"tpm_support":"","uefi_data":null,"usage_operation":"RunInstances:0g00","virtualization_type":"hvm"},"sensitive_attributes":[]}]},{"mode":"managed","type":"aws_instance","name":"example","provider":"provider[\"registry.opentofu.org/hashicorp/aws\"]","instances":[{"schema_version":1,"attributes":{"ami":"ami-034e9c8ff4615051f","arn":"arn:aws:ec2:us-east-1:374040514466:instance/i-0912d810b6b95f235","associate_public_ip_address":true,"availability_zone":"us-east-1b","capacity_reservation_specification":[{"capacity_reservation_preference":"open","capacity_reservation_target":[]}],"cpu_core_count":1,"cpu_options":[{"amd_sev_snp":"","core_count":1,"threads_per_core":1}],"cpu_threads_per_core":1,"credit_specification":[{"cpu_credits":"standard"}],"disable_api_stop":false,"disable_api_termination":false,"ebs_block_device":[],"ebs_optimized":false,"enable_primary_ipv6":null,"enclave_options":[{"enabled":false}],"ephemeral_block_device":[],"get_password_data":false,"hibernation":false,"host_id":"","host_resource_group_arn":null,"iam_instance_profile":"","id":"i-0912d810b6b95f235","instance_initiated_shutdown_behavior":"stop","instance_lifecycle":"","instance_market_options":[],"instance_state":"running","instance_type":"t2.micro","ipv6_address_count":0,"ipv6_addresses":[],"key_name":"myKey","launch_template":[],"maintenance_options":[{"auto_recovery":"default"}],"metadata_options":[{"http_endpoint":"enabled","http_protocol_ipv6":"disabled","http_put_response_hop_limit":2,"http_tokens":"required","instance_metadata_tags":"disabled"}],"monitoring":false,"network_interface":[],"outpost_arn":"","password_data":"","placement_group":"","placement_partition_number":0,"primary_network_interface_id":"eni-09b87bd21ffc87f75","private_dns":"ip-172-31-84-71.ec2.internal","private_dns_name_options":[{"enable_resource_name_dns_a_record":false,"enable_resource_name_dns_aaaa_record":false,"hostname_type":"ip-name"}],"private_ip":"172.31.84.71","public_dns":"ec2-3-87-62-175.compute-1.amazonaws.com","public_ip":"3.87.62.175","root_block_device":[{"delete_on_termination":true,"device_name":"/dev/sda1","encrypted":false,"iops":3000,"kms_key_id":"","tags":{},"tags_all":{},"throughput":125,"volume_id":"vol-04d2dffe7a73d4c71","volume_size":20,"volume_type":"gp3"}],"secondary_private_ips":[],"security_groups":["allow_ssh"],"source_dest_check":true,"spot_instance_request_id":"","subnet_id":"subnet-0f827d5413b301be2","tags":{"Name":"Terraform-101"},"tags_all":{"Name":"Terraform-101"},"tenancy":"default","timeouts":null,"user_data":null,"user_data_base64":null,"user_data_replace_on_change":false,"volume_tags":null,"vpc_security_group_ids":["sg-029412963ba08924c"]},"sensitive_attributes":[],"private":"eyJlMmJmYjczMC1lY2FhLTExZTYtOGY4OC0zNDM2M2JjN2M0YzAiOnsiY3JlYXRlIjo2MDAwMDAwMDAwMDAsImRlbGV0ZSI6MTIwMDAwMDAwMDAwMCwicmVhZCI6OTAwMDAwMDAwMDAwLCJ1cGRhdGUiOjYwMDAwMDAwMDAwMH0sInNjaGVtYV92ZXJzaW9uIjoiMSJ9","dependencies":["aws_security_group.allow_ssh","data.aws_ami.ubuntu"]}]},{"mode":"managed","type":"aws_security_group","name":"allow_ssh","provider":"provider[\"registry.opentofu.org/hashicorp/aws\"]","instances":[{"schema_version":1,"attributes":{"arn":"arn:aws:ec2:us-east-1:374040514466:security-group/sg-029412963ba08924c","description":"Allow SSH API, and MLflow","egress":[{"cidr_blocks":["0.0.0.0/0"],"description":"","from_port":0,"ipv6_cidr_blocks":[],"prefix_list_ids":[],"protocol":"-1","security_groups":[],"self":false,"to_port":0}],"id":"sg-029412963ba08924c","ingress":[{"cidr_blocks":["0.0.0.0/0"],"description":"API","from_port":5000,"ipv6_cidr_blocks":[],"prefix_list_ids":[],"protocol":"tcp","security_groups":[],"self":false,"to_port":5000},{"cidr_blocks":["0.0.0.0/0"],"description":"MLflow","from_port":1234,"ipv6_cidr_blocks":[],"prefix_list_ids":[],"protocol":"tcp","security_groups":[],"self":false,"to_port":1234},{"cidr_blocks":["0.0.0.0/0"],"description":"SSH","from_port":22,"ipv6_cidr_blocks":[],"prefix_list_ids":[],"protocol":"tcp","security_groups":[],"self":false,"to_port":22}],"name":"allow_ssh","name_prefix":"","owner_id":"374040514466","revoke_rules_on_delete":false,"tags":{"Name":"allow_ssh"},"tags_all":{"Name":"allow_ssh"},"timeouts":null,"vpc_id":"vpc-0ea10182a7d4521f8"},"sensitive_attributes":[],"private":"eyJlMmJmYjczMC1lY2FhLTExZTYtOGY4OC0zNDM2M2JjN2M0YzAiOnsiY3JlYXRlIjo2MDAwMDAwMDAwMDAsImRlbGV0ZSI6OTAwMDAwMDAwMDAwfSwic2NoZW1hX3ZlcnNpb24iOiIxIn0="}]}],"check_results":null}
